
Microsoft Visual Studio Solution File, Format Version 12.00
# Visual Studio 2013
VisualStudioVersion = 12.0.31101.0
MinimumVisualStudioVersion = 10.0.40219.1
Project("{2150E333-8FDC-42A3-9474-1A3956D46DE8}") = "SNMPMonitor", "SNMPMonitor", "{17CA8779-D87B-42A5-A987-6B36C7A18044}"
EndProject
Project("{2150E333-8FDC-42A3-9474-1A3956D46DE8}") = "SNMPManager", "SNMPManager", "{3BF7B6BC-A45B-4C81-8D04-4BC18BF9497F}"
EndProject
Project("{FAE04EC0-301F-11D3-BF4B-00C04F79EFBC}") = "SNMPMonitor.PresentationLayer.Tests", "SNMPMonitor.PresentationLayer.Tests\SNMPMonitor.PresentationLayer.Tests.csproj", "{D719FC65-8526-4F18-B403-9F6C447CC7DE}"
EndProject
Project("{FAE04EC0-301F-11D3-BF4B-00C04F79EFBC}") = "SNMPManager.PresentationLayer", "SNMPManager.PresentationLayer\SNMPManager.PresentationLayer.csproj", "{DB29DE1D-7C67-4D84-8FE9-F186F3DB5D81}"
EndProject
Project("{FAE04EC0-301F-11D3-BF4B-00C04F79EFBC}") = "SNMPManager.PresentationLayer.Tests", "SNMPManager.PresentationLayer.Tests\SNMPManager.PresentationLayer.Tests.csproj", "{7A79DD2B-6751-4292-85AE-F0618EC22FD3}"
EndProject
Project("{FAE04EC0-301F-11D3-BF4B-00C04F79EFBC}") = "SNMPManager.BusinessLayer", "SNMPManager.BusinessLayer\SNMPManager.BusinessLayer.csproj", "{D96C56E9-D6A4-4AAC-B439-42FCFC21DC91}"
EndProject
Project("{FAE04EC0-301F-11D3-BF4B-00C04F79EFBC}") = "SNMPManager.DataLayer", "SNMPManager.DataLayer\SNMPManager.DataLayer.csproj", "{7A4C8C96-62A5-40FF-AE92-4DB0E95F2C72}"
EndProject
Project("{FAE04EC0-301F-11D3-BF4B-00C04F79EFBC}") = "SNMPManager.BusinessLayer.Tests", "SNMPManager.BusinessLayer.Tests\SNMPManager.BusinessLayer.Tests.csproj", "{83A1F64A-4273-4924-BFA3-6E3AA139BEDC}"
EndProject
Project("{FAE04EC0-301F-11D3-BF4B-00C04F79EFBC}") = "SNMPMonitor.BusinessLayer", "SNMPMonitor.BusinessLayer\SNMPMonitor.BusinessLayer.csproj", "{11C58037-8B5C-41D1-BC66-9D5D40014D00}"
EndProject
Project("{FAE04EC0-301F-11D3-BF4B-00C04F79EFBC}") = "SNMPMonitor.DataLayer", "SNMPMonitor.DataLayer\SNMPMonitor.DataLayer.csproj", "{F82207F7-52E7-4BB9-8EA7-774C51CEAB55}"
EndProject
Project("{FAE04EC0-301F-11D3-BF4B-00C04F79EFBC}") = "SNMPMonitor.PresentationLayer", "SNMPMonitor.PresentationLayer\SNMPMonitor.PresentationLayer.csproj", "{DFBE19E9-B079-4E3A-AC8E-EF367BB28FCA}"
EndProject
Project("{FAE04EC0-301F-11D3-BF4B-00C04F79EFBC}") = "SNMPManager.DataLayer.Tests", "SNMPManager.DataLayer.Tests\SNMPManager.DataLayer.Tests.csproj", "{E5428C67-1747-4409-B9B6-C2820CD9CF7E}"
EndProject
Project("{00D1A9C2-B5F0-4AF3-8072-F6C62B433612}") = "SNMPMonitor.Database", "SNMPMonitor.Database\SNMPMonitor.Database.sqlproj", "{D75F0F23-6E68-4BDF-B5A2-E32C96C8A5CF}"
EndProject
Project("{FAE04EC0-301F-11D3-BF4B-00C04F79EFBC}") = "SNMPMonitor.DataLayer.Tests", "SNMPMonitor.DataLayer.Tests\SNMPMonitor.DataLayer.Tests.csproj", "{E7AAD793-6600-4744-9726-57F90732BAF5}"
EndProject
Global
	GlobalSection(SolutionConfigurationPlatforms) = preSolution
		Debug|Any CPU = Debug|Any CPU
		Release|Any CPU = Release|Any CPU
	EndGlobalSection
	GlobalSection(ProjectConfigurationPlatforms) = postSolution
		{D719FC65-8526-4F18-B403-9F6C447CC7DE}.Debug|Any CPU.ActiveCfg = Debug|Any CPU
		{D719FC65-8526-4F18-B403-9F6C447CC7DE}.Debug|Any CPU.Build.0 = Debug|Any CPU
		{D719FC65-8526-4F18-B403-9F6C447CC7DE}.Release|Any CPU.ActiveCfg = Release|Any CPU
		{D719FC65-8526-4F18-B403-9F6C447CC7DE}.Release|Any CPU.Build.0 = Release|Any CPU
		{DB29DE1D-7C67-4D84-8FE9-F186F3DB5D81}.Debug|Any CPU.ActiveCfg = Debug|Any CPU
		{DB29DE1D-7C67-4D84-8FE9-F186F3DB5D81}.Debug|Any CPU.Build.0 = Debug|Any CPU
		{DB29DE1D-7C67-4D84-8FE9-F186F3DB5D81}.Release|Any CPU.ActiveCfg = Release|Any CPU
		{DB29DE1D-7C67-4D84-8FE9-F186F3DB5D81}.Release|Any CPU.Build.0 = Release|Any CPU
		{7A79DD2B-6751-4292-85AE-F0618EC22FD3}.Debug|Any CPU.ActiveCfg = Debug|Any CPU
		{7A79DD2B-6751-4292-85AE-F0618EC22FD3}.Debug|Any CPU.Build.0 = Debug|Any CPU
		{7A79DD2B-6751-4292-85AE-F0618EC22FD3}.Release|Any CPU.ActiveCfg = Release|Any CPU
		{7A79DD2B-6751-4292-85AE-F0618EC22FD3}.Release|Any CPU.Build.0 = Release|Any CPU
		{D96C56E9-D6A4-4AAC-B439-42FCFC21DC91}.Debug|Any CPU.ActiveCfg = Debug|Any CPU
		{D96C56E9-D6A4-4AAC-B439-42FCFC21DC91}.Debug|Any CPU.Build.0 = Debug|Any CPU
		{D96C56E9-D6A4-4AAC-B439-42FCFC21DC91}.Release|Any CPU.ActiveCfg = Release|Any CPU
		{D96C56E9-D6A4-4AAC-B439-42FCFC21DC91}.Release|Any CPU.Build.0 = Release|Any CPU
		{7A4C8C96-62A5-40FF-AE92-4DB0E95F2C72}.Debug|Any CPU.ActiveCfg = Debug|Any CPU
		{7A4C8C96-62A5-40FF-AE92-4DB0E95F2C72}.Debug|Any CPU.Build.0 = Debug|Any CPU
		{7A4C8C96-62A5-40FF-AE92-4DB0E95F2C72}.Release|Any CPU.ActiveCfg = Release|Any CPU
		{7A4C8C96-62A5-40FF-AE92-4DB0E95F2C72}.Release|Any CPU.Build.0 = Release|Any CPU
		{83A1F64A-4273-4924-BFA3-6E3AA139BEDC}.Debug|Any CPU.ActiveCfg = Debug|Any CPU
		{83A1F64A-4273-4924-BFA3-6E3AA139BEDC}.Debug|Any CPU.Build.0 = Debug|Any CPU
		{83A1F64A-4273-4924-BFA3-6E3AA139BEDC}.Release|Any CPU.ActiveCfg = Release|Any CPU
		{83A1F64A-4273-4924-BFA3-6E3AA139BEDC}.Release|Any CPU.Build.0 = Release|Any CPU
		{11C58037-8B5C-41D1-BC66-9D5D40014D00}.Debug|Any CPU.ActiveCfg = Debug|Any CPU
		{11C58037-8B5C-41D1-BC66-9D5D40014D00}.Debug|Any CPU.Build.0 = Debug|Any CPU
		{11C58037-8B5C-41D1-BC66-9D5D40014D00}.Release|Any CPU.ActiveCfg = Release|Any CPU
		{11C58037-8B5C-41D1-BC66-9D5D40014D00}.Release|Any CPU.Build.0 = Release|Any CPU
		{F82207F7-52E7-4BB9-8EA7-774C51CEAB55}.Debug|Any CPU.ActiveCfg = Debug|Any CPU
		{F82207F7-52E7-4BB9-8EA7-774C51CEAB55}.Debug|Any CPU.Build.0 = Debug|Any CPU
		{F82207F7-52E7-4BB9-8EA7-774C51CEAB55}.Release|Any CPU.ActiveCfg = Release|Any CPU
		{F82207F7-52E7-4BB9-8EA7-774C51CEAB55}.Release|Any CPU.Build.0 = Release|Any CPU
		{DFBE19E9-B079-4E3A-AC8E-EF367BB28FCA}.Debug|Any CPU.ActiveCfg = Debug|Any CPU
		{DFBE19E9-B079-4E3A-AC8E-EF367BB28FCA}.Debug|Any CPU.Build.0 = Debug|Any CPU
		{DFBE19E9-B079-4E3A-AC8E-EF367BB28FCA}.Release|Any CPU.ActiveCfg = Release|Any CPU
		{DFBE19E9-B079-4E3A-AC8E-EF367BB28FCA}.Release|Any CPU.Build.0 = Release|Any CPU
		{E5428C67-1747-4409-B9B6-C2820CD9CF7E}.Debug|Any CPU.ActiveCfg = Debug|Any CPU
		{E5428C67-1747-4409-B9B6-C2820CD9CF7E}.Debug|Any CPU.Build.0 = Debug|Any CPU
		{E5428C67-1747-4409-B9B6-C2820CD9CF7E}.Release|Any CPU.ActiveCfg = Release|Any CPU
		{E5428C67-1747-4409-B9B6-C2820CD9CF7E}.Release|Any CPU.Build.0 = Release|Any CPU
		{D75F0F23-6E68-4BDF-B5A2-E32C96C8A5CF}.Debug|Any CPU.ActiveCfg = Debug|Any CPU
		{D75F0F23-6E68-4BDF-B5A2-E32C96C8A5CF}.Debug|Any CPU.Build.0 = Debug|Any CPU
		{D75F0F23-6E68-4BDF-B5A2-E32C96C8A5CF}.Debug|Any CPU.Deploy.0 = Debug|Any CPU
		{D75F0F23-6E68-4BDF-B5A2-E32C96C8A5CF}.Release|Any CPU.ActiveCfg = Release|Any CPU
		{D75F0F23-6E68-4BDF-B5A2-E32C96C8A5CF}.Release|Any CPU.Build.0 = Release|Any CPU
		{D75F0F23-6E68-4BDF-B5A2-E32C96C8A5CF}.Release|Any CPU.Deploy.0 = Release|Any CPU
		{E7AAD793-6600-4744-9726-57F90732BAF5}.Debug|Any CPU.ActiveCfg = Debug|Any CPU
		{E7AAD793-6600-4744-9726-57F90732BAF5}.Debug|Any CPU.Build.0 = Debug|Any CPU
		{E7AAD793-6600-4744-9726-57F90732BAF5}.Release|Any CPU.ActiveCfg = Release|Any CPU
		{E7AAD793-6600-4744-9726-57F90732BAF5}.Release|Any CPU.Build.0 = Release|Any CPU
	EndGlobalSection
	GlobalSection(SolutionProperties) = preSolution
		HideSolutionNode = FALSE
	EndGlobalSection
	GlobalSection(NestedProjects) = preSolution
		{D719FC65-8526-4F18-B403-9F6C447CC7DE} = {17CA8779-D87B-42A5-A987-6B36C7A18044}
		{DB29DE1D-7C67-4D84-8FE9-F186F3DB5D81} = {3BF7B6BC-A45B-4C81-8D04-4BC18BF9497F}
		{7A79DD2B-6751-4292-85AE-F0618EC22FD3} = {3BF7B6BC-A45B-4C81-8D04-4BC18BF9497F}
		{D96C56E9-D6A4-4AAC-B439-42FCFC21DC91} = {3BF7B6BC-A45B-4C81-8D04-4BC18BF9497F}
		{7A4C8C96-62A5-40FF-AE92-4DB0E95F2C72} = {3BF7B6BC-A45B-4C81-8D04-4BC18BF9497F}
		{83A1F64A-4273-4924-BFA3-6E3AA139BEDC} = {3BF7B6BC-A45B-4C81-8D04-4BC18BF9497F}
		{11C58037-8B5C-41D1-BC66-9D5D40014D00} = {17CA8779-D87B-42A5-A987-6B36C7A18044}
		{F82207F7-52E7-4BB9-8EA7-774C51CEAB55} = {17CA8779-D87B-42A5-A987-6B36C7A18044}
		{DFBE19E9-B079-4E3A-AC8E-EF367BB28FCA} = {17CA8779-D87B-42A5-A987-6B36C7A18044}
		{E5428C67-1747-4409-B9B6-C2820CD9CF7E} = {3BF7B6BC-A45B-4C81-8D04-4BC18BF9497F}
		{D75F0F23-6E68-4BDF-B5A2-E32C96C8A5CF} = {17CA8779-D87B-42A5-A987-6B36C7A18044}
		{E7AAD793-6600-4744-9726-57F90732BAF5} = {17CA8779-D87B-42A5-A987-6B36C7A18044}
	EndGlobalSection
EndGlobal
